// !$*UTF8*$!
{
	archiveVersion = 1;
	classes = {
	};
	objectVersion = 54;
	objects = {

/* Begin PBXBuildFile section */
		0906CDFB24E89F3B006B05A4 /* main.m in Sources */ = {isa = PBXBuildFile; fileRef = 0906CDFA24E89F3B006B05A4 /* main.m */; };
		0906CE0424E89F41006B05A4 /* ViewBridge.framework in Frameworks */ = {isa = PBXBuildFile; fileRef = 0906CDEC24E89F1B006B05A4 /* ViewBridge.framework */; };
		0906CE0E24E8AD24006B05A4 /* TouchBarSimulatorService.m in Sources */ = {isa = PBXBuildFile; fileRef = 0906CE0C24E8AD24006B05A4 /* TouchBarSimulatorService.m */; };
		0906CE0F24E8AD24006B05A4 /* TouchBarSimulatorService.xib in Resources */ = {isa = PBXBuildFile; fileRef = 0906CE0D24E8AD24006B05A4 /* TouchBarSimulatorService.xib */; };
		0906CE1124E8AE41006B05A4 /* DFRFoundation.framework in Frameworks */ = {isa = PBXBuildFile; fileRef = 0906CE1024E8AE41006B05A4 /* DFRFoundation.framework */; };
		3FA7FCC1282796ED00591647 /* Shaders.metal in Sources */ = {isa = PBXBuildFile; fileRef = 3FA7FCC0282796ED00591647 /* Shaders.metal */; };
		FB0CD4272A883BB900771CC0 /* TouchBarSimulatorService.xpc in Embed XPC Services */ = {isa = PBXBuildFile; fileRef = 0906CDF424E89F3B006B05A4 /* TouchBarSimulatorService.xpc */; settings = {ATTRIBUTES = (RemoveHeadersOnCopy, ); }; };
		FB0CD4292A883CD900771CC0 /* Info.plist in Resources */ = {isa = PBXBuildFile; fileRef = FB0CD4282A883CD900771CC0 /* Info.plist */; };
		FB13F6622A88231F00212F02 /* Assets.xcassets in Resources */ = {isa = PBXBuildFile; fileRef = FB13F6612A88231F00212F02 /* Assets.xcassets */; };
		FB13F66F2A88242200212F02 /* ViewBridge.framework in Frameworks */ = {isa = PBXBuildFile; fileRef = 0906CDEC24E89F1B006B05A4 /* ViewBridge.framework */; };
		FB13F6722A88244E00212F02 /* Main.swift in Sources */ = {isa = PBXBuildFile; fileRef = FB13F6712A88244E00212F02 /* Main.swift */; };
		FB13F6742A88246400212F02 /* Globals.swift in Sources */ = {isa = PBXBuildFile; fileRef = FB13F6732A88246400212F02 /* Globals.swift */; };
		FB13F6762A88249200212F02 /* Defaults in Frameworks */ = {isa = PBXBuildFile; productRef = FB13F6752A88249200212F02 /* Defaults */; };
		FB13F6782A8824F400212F02 /* AppDelegate.swift in Sources */ = {isa = PBXBuildFile; fileRef = FB13F6772A8824F400212F02 /* AppDelegate.swift */; };
		FB13F67A2A88258700212F02 /* TouchBarWindow.swift in Sources */ = {isa = PBXBuildFile; fileRef = FB13F6792A88258700212F02 /* TouchBarWindow.swift */; };
		FB13F67E2A88259900212F02 /* Defaults+Extensions.swift in Sources */ = {isa = PBXBuildFile; fileRef = FB13F67C2A88259900212F02 /* Defaults+Extensions.swift */; };
		FB13F67F2A88259900212F02 /* NSWindow+Extensions.swift in Sources */ = {isa = PBXBuildFile; fileRef = FB13F67D2A88259900212F02 /* NSWindow+Extensions.swift */; };
		FB13F6812A8825A500212F02 /* Utils.swift in Sources */ = {isa = PBXBuildFile; fileRef = FB13F6802A8825A500212F02 /* Utils.swift */; };
/* End PBXBuildFile section */

/* Begin PBXContainerItemProxy section */
		FB13F66A2A8823D700212F02 /* PBXContainerItemProxy */ = {
			isa = PBXContainerItemProxy;
			containerPortal = 0906CDCE24E89EE6006B05A4 /* Project object */;
			proxyType = 1;
			remoteGlobalIDString = 0906CDF324E89F3B006B05A4;
			remoteInfo = TouchBarSimulatorService;
		};
/* End PBXContainerItemProxy section */

/* Begin PBXCopyFilesBuildPhase section */
		FB0CD4262A883B9700771CC0 /* Embed XPC Services */ = {
			isa = PBXCopyFilesBuildPhase;
			buildActionMask = 2147483647;
			dstPath = "$(CONTENTS_FOLDER_PATH)/XPCServices";
			dstSubfolderSpec = 16;
			files = (
				FB0CD4272A883BB900771CC0 /* TouchBarSimulatorService.xpc in Embed XPC Services */,
			);
			name = "Embed XPC Services";
			runOnlyForDeploymentPostprocessing = 0;
		};
/* End PBXCopyFilesBuildPhase section */

/* Begin PBXFileReference section */
		0906CDEA24E89F03006B05A4 /* NSRemoteView.h */ = {isa = PBXFileReference; lastKnownFileType = sourcecode.c.h; path = NSRemoteView.h; sourceTree = "<group>"; };
		0906CDEC24E89F1B006B05A4 /* ViewBridge.framework */ = {isa = PBXFileReference; lastKnownFileType = wrapper.framework; name = ViewBridge.framework; path = ../../../../System/Library/PrivateFrameworks/ViewBridge.framework; sourceTree = "<group>"; };
		0906CDF424E89F3B006B05A4 /* TouchBarSimulatorService.xpc */ = {isa = PBXFileReference; explicitFileType = "wrapper.xpc-service"; includeInIndex = 0; path = TouchBarSimulatorService.xpc; sourceTree = BUILT_PRODUCTS_DIR; };
		0906CDF624E89F3B006B05A4 /* DFRFoundation.h */ = {isa = PBXFileReference; lastKnownFileType = sourcecode.c.h; path = DFRFoundation.h; sourceTree = "<group>"; };
		0906CDFA24E89F3B006B05A4 /* main.m */ = {isa = PBXFileReference; lastKnownFileType = sourcecode.c.objc; path = main.m; sourceTree = "<group>"; };
		0906CDFC24E89F3B006B05A4 /* Info.plist */ = {isa = PBXFileReference; lastKnownFileType = text.plist.xml; path = Info.plist; sourceTree = "<group>"; };
		0906CE0824E8A505006B05A4 /* NSRemoteViewController.h */ = {isa = PBXFileReference; lastKnownFileType = sourcecode.c.h; path = NSRemoteViewController.h; sourceTree = "<group>"; };
		0906CE0924E8A5CC006B05A4 /* NSServiceViewController.h */ = {isa = PBXFileReference; lastKnownFileType = sourcecode.c.h; path = NSServiceViewController.h; sourceTree = "<group>"; };
		0906CE0A24E8A641006B05A4 /* ViewBridge.h */ = {isa = PBXFileReference; lastKnownFileType = sourcecode.c.h; path = ViewBridge.h; sourceTree = "<group>"; };
		0906CE0B24E8AD24006B05A4 /* TouchBarSimulatorService.h */ = {isa = PBXFileReference; lastKnownFileType = sourcecode.c.h; path = TouchBarSimulatorService.h; sourceTree = "<group>"; };
		0906CE0C24E8AD24006B05A4 /* TouchBarSimulatorService.m */ = {isa = PBXFileReference; lastKnownFileType = sourcecode.c.objc; path = TouchBarSimulatorService.m; sourceTree = "<group>"; };
		0906CE0D24E8AD24006B05A4 /* TouchBarSimulatorService.xib */ = {isa = PBXFileReference; lastKnownFileType = file.xib; path = TouchBarSimulatorService.xib; sourceTree = "<group>"; };
		0906CE1024E8AE41006B05A4 /* DFRFoundation.framework */ = {isa = PBXFileReference; lastKnownFileType = wrapper.framework; name = DFRFoundation.framework; path = ../../../../System/Library/PrivateFrameworks/DFRFoundation.framework; sourceTree = "<group>"; };
		3FA7FCC0282796ED00591647 /* Shaders.metal */ = {isa = PBXFileReference; fileEncoding = 4; lastKnownFileType = sourcecode.metal; path = Shaders.metal; sourceTree = "<group>"; };
		FB0CD4282A883CD900771CC0 /* Info.plist */ = {isa = PBXFileReference; fileEncoding = 4; lastKnownFileType = text.plist.xml; path = Info.plist; sourceTree = "<group>"; };
		FB13F65B2A88231C00212F02 /* TouchBarSimulator.app */ = {isa = PBXFileReference; explicitFileType = wrapper.application; includeInIndex = 0; path = TouchBarSimulator.app; sourceTree = BUILT_PRODUCTS_DIR; };
		FB13F6612A88231F00212F02 /* Assets.xcassets */ = {isa = PBXFileReference; lastKnownFileType = folder.assetcatalog; path = Assets.xcassets; sourceTree = "<group>"; };
		FB13F6662A88231F00212F02 /* TouchBarSimulator.entitlements */ = {isa = PBXFileReference; lastKnownFileType = text.plist.entitlements; path = TouchBarSimulator.entitlements; sourceTree = "<group>"; };
		FB13F6702A88244D00212F02 /* TouchBarSimulator-Bridging-Header.h */ = {isa = PBXFileReference; lastKnownFileType = sourcecode.c.h; path = "TouchBarSimulator-Bridging-Header.h"; sourceTree = "<group>"; };
		FB13F6712A88244E00212F02 /* Main.swift */ = {isa = PBXFileReference; fileEncoding = 4; lastKnownFileType = sourcecode.swift; path = Main.swift; sourceTree = "<group>"; };
		FB13F6732A88246400212F02 /* Globals.swift */ = {isa = PBXFileReference; fileEncoding = 4; lastKnownFileType = sourcecode.swift; path = Globals.swift; sourceTree = "<group>"; };
		FB13F6772A8824F400212F02 /* AppDelegate.swift */ = {isa = PBXFileReference; fileEncoding = 4; lastKnownFileType = sourcecode.swift; path = AppDelegate.swift; sourceTree = "<group>"; };
		FB13F6792A88258700212F02 /* TouchBarWindow.swift */ = {isa = PBXFileReference; fileEncoding = 4; lastKnownFileType = sourcecode.swift; path = TouchBarWindow.swift; sourceTree = "<group>"; };
		FB13F67C2A88259900212F02 /* Defaults+Extensions.swift */ = {isa = PBXFileReference; fileEncoding = 4; lastKnownFileType = sourcecode.swift; path = "Defaults+Extensions.swift"; sourceTree = "<group>"; };
		FB13F67D2A88259900212F02 /* NSWindow+Extensions.swift */ = {isa = PBXFileReference; fileEncoding = 4; lastKnownFileType = sourcecode.swift; path = "NSWindow+Extensions.swift"; sourceTree = "<group>"; };
		FB13F6802A8825A500212F02 /* Utils.swift */ = {isa = PBXFileReference; fileEncoding = 4; lastKnownFileType = sourcecode.swift; path = Utils.swift; sourceTree = "<group>"; };
/* End PBXFileReference section */

/* Begin PBXFrameworksBuildPhase section */
		0906CDF124E89F3B006B05A4 /* Frameworks */ = {
			isa = PBXFrameworksBuildPhase;
			buildActionMask = 2147483647;
			files = (
				0906CE1124E8AE41006B05A4 /* DFRFoundation.framework in Frameworks */,
				0906CE0424E89F41006B05A4 /* ViewBridge.framework in Frameworks */,
			);
			runOnlyForDeploymentPostprocessing = 0;
		};
		FB13F6582A88231C00212F02 /* Frameworks */ = {
			isa = PBXFrameworksBuildPhase;
			buildActionMask = 2147483647;
			files = (
				FB13F6762A88249200212F02 /* Defaults in Frameworks */,
				FB13F66F2A88242200212F02 /* ViewBridge.framework in Frameworks */,
			);
			runOnlyForDeploymentPostprocessing = 0;
		};
/* End PBXFrameworksBuildPhase section */

/* Begin PBXGroup section */
		0906CDCD24E89EE6006B05A4 = {
			isa = PBXGroup;
			children = (
				0906CE0724E8A1BA006B05A4 /* ViewBridge */,
				FB13F65C2A88231C00212F02 /* TouchBarSimulator */,
				0906CDF524E89F3B006B05A4 /* TouchBarSimulatorService */,
				0906CDD724E89EE6006B05A4 /* Products */,
				0906CDEB24E89F1B006B05A4 /* Frameworks */,
			);
			sourceTree = "<group>";
		};
		0906CDD724E89EE6006B05A4 /* Products */ = {
			isa = PBXGroup;
			children = (
				0906CDF424E89F3B006B05A4 /* TouchBarSimulatorService.xpc */,
				FB13F65B2A88231C00212F02 /* TouchBarSimulator.app */,
			);
			name = Products;
			sourceTree = "<group>";
		};
		0906CDEB24E89F1B006B05A4 /* Frameworks */ = {
			isa = PBXGroup;
			children = (
				0906CE1024E8AE41006B05A4 /* DFRFoundation.framework */,
				0906CDEC24E89F1B006B05A4 /* ViewBridge.framework */,
			);
			name = Frameworks;
			sourceTree = "<group>";
		};
		0906CDF524E89F3B006B05A4 /* TouchBarSimulatorService */ = {
			isa = PBXGroup;
			children = (
				3FA7FCC0282796ED00591647 /* Shaders.metal */,
				0906CDF624E89F3B006B05A4 /* DFRFoundation.h */,
				0906CE0D24E8AD24006B05A4 /* TouchBarSimulatorService.xib */,
				0906CE0B24E8AD24006B05A4 /* TouchBarSimulatorService.h */,
				0906CE0C24E8AD24006B05A4 /* TouchBarSimulatorService.m */,
				0906CDFA24E89F3B006B05A4 /* main.m */,
				0906CDFC24E89F3B006B05A4 /* Info.plist */,
			);
			path = TouchBarSimulatorService;
			sourceTree = "<group>";
		};
		0906CE0724E8A1BA006B05A4 /* ViewBridge */ = {
			isa = PBXGroup;
			children = (
				0906CDEA24E89F03006B05A4 /* NSRemoteView.h */,
				0906CE0824E8A505006B05A4 /* NSRemoteViewController.h */,
				0906CE0924E8A5CC006B05A4 /* NSServiceViewController.h */,
				0906CE0A24E8A641006B05A4 /* ViewBridge.h */,
			);
			path = ViewBridge;
			sourceTree = "<group>";
		};
		FB13F65C2A88231C00212F02 /* TouchBarSimulator */ = {
			isa = PBXGroup;
			children = (
				FB0CD4282A883CD900771CC0 /* Info.plist */,
				FB13F67B2A88259900212F02 /* Extensions */,
				FB13F6802A8825A500212F02 /* Utils.swift */,
				FB13F6792A88258700212F02 /* TouchBarWindow.swift */,
				FB13F6772A8824F400212F02 /* AppDelegate.swift */,
				FB13F6732A88246400212F02 /* Globals.swift */,
				FB13F6712A88244E00212F02 /* Main.swift */,
				FB13F6612A88231F00212F02 /* Assets.xcassets */,
				FB13F6662A88231F00212F02 /* TouchBarSimulator.entitlements */,
				FB13F6702A88244D00212F02 /* TouchBarSimulator-Bridging-Header.h */,
			);
			path = TouchBarSimulator;
			sourceTree = "<group>";
		};
		FB13F67B2A88259900212F02 /* Extensions */ = {
			isa = PBXGroup;
			children = (
				FB13F67C2A88259900212F02 /* Defaults+Extensions.swift */,
				FB13F67D2A88259900212F02 /* NSWindow+Extensions.swift */,
			);
			path = Extensions;
			sourceTree = "<group>";
		};
/* End PBXGroup section */

/* Begin PBXNativeTarget section */
		0906CDF324E89F3B006B05A4 /* TouchBarSimulatorService */ = {
			isa = PBXNativeTarget;
			buildConfigurationList = 0906CE0024E89F3B006B05A4 /* Build configuration list for PBXNativeTarget "TouchBarSimulatorService" */;
			buildPhases = (
				0906CDF024E89F3B006B05A4 /* Sources */,
				0906CDF124E89F3B006B05A4 /* Frameworks */,
				0906CDF224E89F3B006B05A4 /* Resources */,
			);
			buildRules = (
			);
			dependencies = (
			);
			name = TouchBarSimulatorService;
			productName = TouchBarSimulatorService;
			productReference = 0906CDF424E89F3B006B05A4 /* TouchBarSimulatorService.xpc */;
			productType = "com.apple.product-type.xpc-service";
		};
		FB13F65A2A88231C00212F02 /* TouchBarSimulator */ = {
			isa = PBXNativeTarget;
			buildConfigurationList = FB13F6672A88231F00212F02 /* Build configuration list for PBXNativeTarget "TouchBarSimulator" */;
			buildPhases = (
				FB13F6572A88231C00212F02 /* Sources */,
				FB13F6582A88231C00212F02 /* Frameworks */,
				FB13F6592A88231C00212F02 /* Resources */,
				FB0CD4262A883B9700771CC0 /* Embed XPC Services */,
			);
			buildRules = (
			);
			dependencies = (
				FB13F66B2A8823D700212F02 /* PBXTargetDependency */,
			);
			name = TouchBarSimulator;
			packageProductDependencies = (
				FB13F6752A88249200212F02 /* Defaults */,
			);
			productName = TouchBarSimulator;
			productReference = FB13F65B2A88231C00212F02 /* TouchBarSimulator.app */;
			productType = "com.apple.product-type.application";
		};
/* End PBXNativeTarget section */

/* Begin PBXProject section */
		0906CDCE24E89EE6006B05A4 /* Project object */ = {
			isa = PBXProject;
			attributes = {
				BuildIndependentTargetsInParallel = YES;
				LastSwiftUpdateCheck = 1500;
				LastUpgradeCheck = 1500;
				TargetAttributes = {
					0906CDF324E89F3B006B05A4 = {
						CreatedOnToolsVersion = 12.0;
					};
					FB13F65A2A88231C00212F02 = {
						CreatedOnToolsVersion = 15.0;
						LastSwiftMigration = 1500;
					};
				};
			};
			buildConfigurationList = 0906CDD124E89EE6006B05A4 /* Build configuration list for PBXProject "TouchBar Simulator" */;
			compatibilityVersion = "Xcode 9.3";
			developmentRegion = en;
			hasScannedForEncodings = 0;
			knownRegions = (
				en,
				Base,
			);
			mainGroup = 0906CDCD24E89EE6006B05A4;
			packageReferences = (
				FB13F6402A87FCE200212F02 /* XCRemoteSwiftPackageReference "Defaults" */,
			);
			productRefGroup = 0906CDD724E89EE6006B05A4 /* Products */;
			projectDirPath = "";
			projectRoot = "";
			targets = (
				FB13F65A2A88231C00212F02 /* TouchBarSimulator */,
				0906CDF324E89F3B006B05A4 /* TouchBarSimulatorService */,
			);
		};
/* End PBXProject section */

/* Begin PBXResourcesBuildPhase section */
		0906CDF224E89F3B006B05A4 /* Resources */ = {
			isa = PBXResourcesBuildPhase;
			buildActionMask = 2147483647;
			files = (
				0906CE0F24E8AD24006B05A4 /* TouchBarSimulatorService.xib in Resources */,
			);
			runOnlyForDeploymentPostprocessing = 0;
		};
		FB13F6592A88231C00212F02 /* Resources */ = {
			isa = PBXResourcesBuildPhase;
			buildActionMask = 2147483647;
			files = (
				FB0CD4292A883CD900771CC0 /* Info.plist in Resources */,
				FB13F6622A88231F00212F02 /* Assets.xcassets in Resources */,
			);
			runOnlyForDeploymentPostprocessing = 0;
		};
/* End PBXResourcesBuildPhase section */

/* Begin PBXSourcesBuildPhase section */
		0906CDF024E89F3B006B05A4 /* Sources */ = {
			isa = PBXSourcesBuildPhase;
			buildActionMask = 2147483647;
			files = (
				3FA7FCC1282796ED00591647 /* Shaders.metal in Sources */,
				0906CE0E24E8AD24006B05A4 /* TouchBarSimulatorService.m in Sources */,
				0906CDFB24E89F3B006B05A4 /* main.m in Sources */,
			);
			runOnlyForDeploymentPostprocessing = 0;
		};
		FB13F6572A88231C00212F02 /* Sources */ = {
			isa = PBXSourcesBuildPhase;
			buildActionMask = 2147483647;
			files = (
				FB13F6782A8824F400212F02 /* AppDelegate.swift in Sources */,
				FB13F6742A88246400212F02 /* Globals.swift in Sources */,
				FB13F67F2A88259900212F02 /* NSWindow+Extensions.swift in Sources */,
				FB13F6812A8825A500212F02 /* Utils.swift in Sources */,
				FB13F67E2A88259900212F02 /* Defaults+Extensions.swift in Sources */,
				FB13F6722A88244E00212F02 /* Main.swift in Sources */,
				FB13F67A2A88258700212F02 /* TouchBarWindow.swift in Sources */,
			);
			runOnlyForDeploymentPostprocessing = 0;
		};
/* End PBXSourcesBuildPhase section */

/* Begin PBXTargetDependency section */
		FB13F66B2A8823D700212F02 /* PBXTargetDependency */ = {
			isa = PBXTargetDependency;
			target = 0906CDF324E89F3B006B05A4 /* TouchBarSimulatorService */;
			targetProxy = FB13F66A2A8823D700212F02 /* PBXContainerItemProxy */;
		};
/* End PBXTargetDependency section */

/* Begin XCBuildConfiguration section */
		0906CDE524E89EE9006B05A4 /* Debug */ = {
			isa = XCBuildConfiguration;
			buildSettings = {
				ALWAYS_SEARCH_USER_PATHS = NO;
				ASSETCATALOG_COMPILER_GENERATE_SWIFT_ASSET_SYMBOL_EXTENSIONS = YES;
				CLANG_ANALYZER_NONNULL = YES;
				CLANG_ANALYZER_NUMBER_OBJECT_CONVERSION = YES_AGGRESSIVE;
				CLANG_CXX_LANGUAGE_STANDARD = "gnu++14";
				CLANG_CXX_LIBRARY = "libc++";
				CLANG_ENABLE_MODULES = YES;
				CLANG_ENABLE_OBJC_ARC = YES;
				CLANG_ENABLE_OBJC_WEAK = YES;
				CLANG_WARN_BLOCK_CAPTURE_AUTORELEASING = YES;
				CLANG_WARN_BOOL_CONVERSION = YES;
				CLANG_WARN_COMMA = YES;
				CLANG_WARN_CONSTANT_CONVERSION = YES;
				CLANG_WARN_DEPRECATED_OBJC_IMPLEMENTATIONS = YES;
				CLANG_WARN_DIRECT_OBJC_ISA_USAGE = YES_ERROR;
				CLANG_WARN_DOCUMENTATION_COMMENTS = YES;
				CLANG_WARN_EMPTY_BODY = YES;
				CLANG_WARN_ENUM_CONVERSION = YES;
				CLANG_WARN_INFINITE_RECURSION = YES;
				CLANG_WARN_INT_CONVERSION = YES;
				CLANG_WARN_NON_LITERAL_NULL_CONVERSION = YES;
				CLANG_WARN_OBJC_IMPLICIT_RETAIN_SELF = YES;
				CLANG_WARN_OBJC_LITERAL_CONVERSION = YES;
				CLANG_WARN_OBJC_ROOT_CLASS = YES_ERROR;
				CLANG_WARN_QUOTED_INCLUDE_IN_FRAMEWORK_HEADER = YES;
				CLANG_WARN_RANGE_LOOP_ANALYSIS = YES;
				CLANG_WARN_STRICT_PROTOTYPES = YES;
				CLANG_WARN_SUSPICIOUS_MOVE = YES;
				CLANG_WARN_UNGUARDED_AVAILABILITY = YES_AGGRESSIVE;
				CLANG_WARN_UNREACHABLE_CODE = YES;
				CLANG_WARN__DUPLICATE_METHOD_MATCH = YES;
				COPY_PHASE_STRIP = NO;
				DEAD_CODE_STRIPPING = YES;
				DEBUG_INFORMATION_FORMAT = dwarf;
				ENABLE_STRICT_OBJC_MSGSEND = YES;
				ENABLE_TESTABILITY = YES;
				ENABLE_USER_SCRIPT_SANDBOXING = YES;
				GCC_C_LANGUAGE_STANDARD = gnu11;
				GCC_DYNAMIC_NO_PIC = NO;
				GCC_NO_COMMON_BLOCKS = YES;
				GCC_OPTIMIZATION_LEVEL = 0;
				GCC_PREPROCESSOR_DEFINITIONS = (
					"DEBUG=1",
					"$(inherited)",
				);
				GCC_WARN_64_TO_32_BIT_CONVERSION = YES;
				GCC_WARN_ABOUT_RETURN_TYPE = YES_ERROR;
				GCC_WARN_UNDECLARED_SELECTOR = YES;
				GCC_WARN_UNINITIALIZED_AUTOS = YES_AGGRESSIVE;
				GCC_WARN_UNUSED_FUNCTION = YES;
				GCC_WARN_UNUSED_VARIABLE = YES;
				MACOSX_DEPLOYMENT_TARGET = 10.15;
				MTL_ENABLE_DEBUG_INFO = INCLUDE_SOURCE;
				MTL_FAST_MATH = YES;
				ONLY_ACTIVE_ARCH = YES;
				SDKROOT = macosx;
			};
			name = Debug;
		};
		0906CDE624E89EE9006B05A4 /* Release */ = {
			isa = XCBuildConfiguration;
			buildSettings = {
				ALWAYS_SEARCH_USER_PATHS = NO;
				ASSETCATALOG_COMPILER_GENERATE_SWIFT_ASSET_SYMBOL_EXTENSIONS = YES;
				CLANG_ANALYZER_NONNULL = YES;
				CLANG_ANALYZER_NUMBER_OBJECT_CONVERSION = YES_AGGRESSIVE;
				CLANG_CXX_LANGUAGE_STANDARD = "gnu++14";
				CLANG_CXX_LIBRARY = "libc++";
				CLANG_ENABLE_MODULES = YES;
				CLANG_ENABLE_OBJC_ARC = YES;
				CLANG_ENABLE_OBJC_WEAK = YES;
				CLANG_WARN_BLOCK_CAPTURE_AUTORELEASING = YES;
				CLANG_WARN_BOOL_CONVERSION = YES;
				CLANG_WARN_COMMA = YES;
				CLANG_WARN_CONSTANT_CONVERSION = YES;
				CLANG_WARN_DEPRECATED_OBJC_IMPLEMENTATIONS = YES;
				CLANG_WARN_DIRECT_OBJC_ISA_USAGE = YES_ERROR;
				CLANG_WARN_DOCUMENTATION_COMMENTS = YES;
				CLANG_WARN_EMPTY_BODY = YES;
				CLANG_WARN_ENUM_CONVERSION = YES;
				CLANG_WARN_INFINITE_RECURSION = YES;
				CLANG_WARN_INT_CONVERSION = YES;
				CLANG_WARN_NON_LITERAL_NULL_CONVERSION = YES;
				CLANG_WARN_OBJC_IMPLICIT_RETAIN_SELF = YES;
				CLANG_WARN_OBJC_LITERAL_CONVERSION = YES;
				CLANG_WARN_OBJC_ROOT_CLASS = YES_ERROR;
				CLANG_WARN_QUOTED_INCLUDE_IN_FRAMEWORK_HEADER = YES;
				CLANG_WARN_RANGE_LOOP_ANALYSIS = YES;
				CLANG_WARN_STRICT_PROTOTYPES = YES;
				CLANG_WARN_SUSPICIOUS_MOVE = YES;
				CLANG_WARN_UNGUARDED_AVAILABILITY = YES_AGGRESSIVE;
				CLANG_WARN_UNREACHABLE_CODE = YES;
				CLANG_WARN__DUPLICATE_METHOD_MATCH = YES;
				COPY_PHASE_STRIP = NO;
				DEAD_CODE_STRIPPING = YES;
				DEBUG_INFORMATION_FORMAT = "dwarf-with-dsym";
				ENABLE_NS_ASSERTIONS = NO;
				ENABLE_STRICT_OBJC_MSGSEND = YES;
				ENABLE_USER_SCRIPT_SANDBOXING = YES;
				GCC_C_LANGUAGE_STANDARD = gnu11;
				GCC_NO_COMMON_BLOCKS = YES;
				GCC_WARN_64_TO_32_BIT_CONVERSION = YES;
				GCC_WARN_ABOUT_RETURN_TYPE = YES_ERROR;
				GCC_WARN_UNDECLARED_SELECTOR = YES;
				GCC_WARN_UNINITIALIZED_AUTOS = YES_AGGRESSIVE;
				GCC_WARN_UNUSED_FUNCTION = YES;
				GCC_WARN_UNUSED_VARIABLE = YES;
				MACOSX_DEPLOYMENT_TARGET = 10.15;
				MTL_ENABLE_DEBUG_INFO = NO;
				MTL_FAST_MATH = YES;
				SDKROOT = macosx;
			};
			name = Release;
		};
		0906CE0124E89F3B006B05A4 /* Debug */ = {
			isa = XCBuildConfiguration;
			buildSettings = {
				CODE_SIGN_STYLE = Automatic;
				COMBINE_HIDPI_IMAGES = YES;
				CURRENT_PROJECT_VERSION = 2;
				DEAD_CODE_STRIPPING = YES;
				DEVELOPMENT_TEAM = 47HK3524RN;
				ENABLE_HARDENED_RUNTIME = YES;
				HEADER_SEARCH_PATHS = "$(PROJECT_DIR)";
				INFOPLIST_FILE = TouchBarSimulatorService/Info.plist;
				MACOSX_DEPLOYMENT_TARGET = 10.15;
				MARKETING_VERSION = 1.1;
				PRODUCT_BUNDLE_IDENTIFIER = moe.ueharayou.TouchBarSimulatorService;
				PRODUCT_NAME = "$(TARGET_NAME)";
				SKIP_INSTALL = YES;
				SYSTEM_FRAMEWORK_SEARCH_PATHS = (
					"$(inherited)",
					"$(SYSTEM_LIBRARY_DIR)/PrivateFrameworks",
				);
			};
			name = Debug;
		};
		0906CE0224E89F3B006B05A4 /* Release */ = {
			isa = XCBuildConfiguration;
			buildSettings = {
				CODE_SIGN_STYLE = Automatic;
				COMBINE_HIDPI_IMAGES = YES;
				CURRENT_PROJECT_VERSION = 2;
				DEAD_CODE_STRIPPING = YES;
				DEVELOPMENT_TEAM = 47HK3524RN;
				ENABLE_HARDENED_RUNTIME = YES;
				HEADER_SEARCH_PATHS = "$(PROJECT_DIR)";
				INFOPLIST_FILE = TouchBarSimulatorService/Info.plist;
				MACOSX_DEPLOYMENT_TARGET = 10.15;
				MARKETING_VERSION = 1.1;
				PRODUCT_BUNDLE_IDENTIFIER = moe.ueharayou.TouchBarSimulatorService;
				PRODUCT_NAME = "$(TARGET_NAME)";
				SKIP_INSTALL = YES;
				SYSTEM_FRAMEWORK_SEARCH_PATHS = (
					"$(inherited)",
					"$(SYSTEM_LIBRARY_DIR)/PrivateFrameworks",
				);
			};
			name = Release;
		};
		FB13F6682A88231F00212F02 /* Debug */ = {
			isa = XCBuildConfiguration;
			buildSettings = {
				ASSETCATALOG_COMPILER_APPICON_NAME = AppIcon;
				ASSETCATALOG_COMPILER_GLOBAL_ACCENT_COLOR_NAME = AccentColor;
				CLANG_CXX_LANGUAGE_STANDARD = "gnu++20";
				CLANG_ENABLE_MODULES = YES;
				CODE_SIGN_ENTITLEMENTS = TouchBarSimulator/TouchBarSimulator.entitlements;
				CODE_SIGN_STYLE = Automatic;
				COMBINE_HIDPI_IMAGES = YES;
				CURRENT_PROJECT_VERSION = 2;
				DEVELOPMENT_ASSET_PATHS = "\"TouchBarSimulator\"";
				DEVELOPMENT_TEAM = 47HK3524RN;
				ENABLE_HARDENED_RUNTIME = YES;
				ENABLE_PREVIEWS = YES;
				GCC_C_LANGUAGE_STANDARD = gnu17;
				GENERATE_INFOPLIST_FILE = YES;
				INFOPLIST_KEY_NSHumanReadableCopyright = "";
				LD_RUNPATH_SEARCH_PATHS = (
					"$(inherited)",
					"@executable_path/../Frameworks",
				);
				LOCALIZATION_PREFERS_STRING_CATALOGS = YES;
				MACOSX_DEPLOYMENT_TARGET = 10.15;
				MARKETING_VERSION = 1.1;
				PRODUCT_BUNDLE_IDENTIFIER = moe.ueharayou.TouchBarSimulator.TouchBarSimulator;
				PRODUCT_NAME = "$(TARGET_NAME)";
				SWIFT_ACTIVE_COMPILATION_CONDITIONS = "DEBUG $(inherited)";
				SWIFT_EMIT_LOC_STRINGS = YES;
				SWIFT_OBJC_BRIDGING_HEADER = "TouchBarSimulator/TouchBarSimulator-Bridging-Header.h";
				SWIFT_OPTIMIZATION_LEVEL = "-Onone";
				SWIFT_VERSION = 5.0;
				SYSTEM_FRAMEWORK_SEARCH_PATHS = (
					"$(inherited)",
					"$(SYSTEM_LIBRARY_DIR)/PrivateFrameworks",
				);
			};
			name = Debug;
		};
		FB13F6692A88231F00212F02 /* Release */ = {
			isa = XCBuildConfiguration;
			buildSettings = {
				ASSETCATALOG_COMPILER_APPICON_NAME = AppIcon;
				ASSETCATALOG_COMPILER_GLOBAL_ACCENT_COLOR_NAME = AccentColor;
				CLANG_CXX_LANGUAGE_STANDARD = "gnu++20";
				CLANG_ENABLE_MODULES = YES;
				CODE_SIGN_ENTITLEMENTS = TouchBarSimulator/TouchBarSimulator.entitlements;
				CODE_SIGN_STYLE = Automatic;
				COMBINE_HIDPI_IMAGES = YES;
				CURRENT_PROJECT_VERSION = 2;
				DEVELOPMENT_ASSET_PATHS = "\"TouchBarSimulator\"";
				DEVELOPMENT_TEAM = 47HK3524RN;
				ENABLE_HARDENED_RUNTIME = YES;
				ENABLE_PREVIEWS = YES;
				GCC_C_LANGUAGE_STANDARD = gnu17;
				GENERATE_INFOPLIST_FILE = YES;
				INFOPLIST_KEY_NSHumanReadableCopyright = "";
				LD_RUNPATH_SEARCH_PATHS = (
					"$(inherited)",
					"@executable_path/../Frameworks",
				);
				LOCALIZATION_PREFERS_STRING_CATALOGS = YES;
				MACOSX_DEPLOYMENT_TARGET = 10.15;
				MARKETING_VERSION = 1.1;
				PRODUCT_BUNDLE_IDENTIFIER = moe.ueharayou.TouchBarSimulator.TouchBarSimulator;
				PRODUCT_NAME = "$(TARGET_NAME)";
				SWIFT_COMPILATION_MODE = wholemodule;
				SWIFT_EMIT_LOC_STRINGS = YES;
				SWIFT_OBJC_BRIDGING_HEADER = "TouchBarSimulator/TouchBarSimulator-Bridging-Header.h";
				SWIFT_VERSION = 5.0;
				SYSTEM_FRAMEWORK_SEARCH_PATHS = (
					"$(inherited)",
					"$(SYSTEM_LIBRARY_DIR)/PrivateFrameworks",
				);
			};
			name = Release;
		};
/* End XCBuildConfiguration section */

/* Begin XCConfigurationList section */
		0906CDD124E89EE6006B05A4 /* Build configuration list for PBXProject "TouchBar Simulator" */ = {
			isa = XCConfigurationList;
			buildConfigurations = (
				0906CDE524E89EE9006B05A4 /* Debug */,
				0906CDE624E89EE9006B05A4 /* Release */,
			);
			defaultConfigurationIsVisible = 0;
			defaultConfigurationName = Release;
		};
		0906CE0024E89F3B006B05A4 /* Build configuration list for PBXNativeTarget "TouchBarSimulatorService" */ = {
			isa = XCConfigurationList;
			buildConfigurations = (
				0906CE0124E89F3B006B05A4 /* Debug */,
				0906CE0224E89F3B006B05A4 /* Release */,
			);
			defaultConfigurationIsVisible = 0;
			defaultConfigurationName = Release;
		};
		FB13F6672A88231F00212F02 /* Build configuration list for PBXNativeTarget "TouchBarSimulator" */ = {
			isa = XCConfigurationList;
			buildConfigurations = (
				FB13F6682A88231F00212F02 /* Debug */,
				FB13F6692A88231F00212F02 /* Release */,
			);
			defaultConfigurationIsVisible = 0;
			defaultConfigurationName = Release;
		};
/* End XCConfigurationList section */

/* Begin XCRemoteSwiftPackageReference section */
		FB13F6402A87FCE200212F02 /* XCRemoteSwiftPackageReference "Defaults" */ = {
			isa = XCRemoteSwiftPackageReference;
			repositoryURL = "https://github.com/sindresorhus/Defaults";
			requirement = {
				branch = main;
				kind = branch;
			};
		};
/* End XCRemoteSwiftPackageReference section */

/* Begin XCSwiftPackageProductDependency section */
		FB13F6752A88249200212F02 /* Defaults */ = {
			isa = XCSwiftPackageProductDependency;
			package = FB13F6402A87FCE200212F02 /* XCRemoteSwiftPackageReference "Defaults" */;
			productName = Defaults;
		};
/* End XCSwiftPackageProductDependency section */
	};
	rootObject = 0906CDCE24E89EE6006B05A4 /* Project object */;
}
